
Microsoft Visual Studio Solution File, Format Version 12.00
# Visual Studio Version 17
VisualStudioVersion = 17.4.33213.308
MinimumVisualStudioVersion = 10.0.40219.1
Project("{FAE04EC0-301F-11D3-BF4B-00C04F79EFBC}") = "WebApplication1", "WebApplication1.csproj", "{ACB4B815-789C-45D3-80A2-2067AE88E732}"
EndProject
Global
	GlobalSection(SolutionConfigurationPlatforms) = preSolution
		Debug|Any CPU = Debug|Any CPU
		Release|Any CPU = Release|Any CPU
	EndGlobalSection
	GlobalSection(ProjectConfigurationPlatforms) = postSolution
		{ACB4B815-789C-45D3-80A2-2067AE88E732}.Debug|Any CPU.ActiveCfg = Debug|Any CPU
		{ACB4B815-789C-45D3-80A2-2067AE88E732}.Debug|Any CPU.Build.0 = Debug|Any CPU
		{ACB4B815-789C-45D3-80A2-2067AE88E732}.Release|Any CPU.ActiveCfg = Release|Any CPU
		{ACB4B815-789C-45D3-80A2-2067AE88E732}.Release|Any CPU.Build.0 = Release|Any CPU
	EndGlobalSection
	GlobalSection(SolutionProperties) = preSolution
		HideSolutionNode = FALSE
	EndGlobalSection
	GlobalSection(ExtensibilityGlobals) = postSolution
		SolutionGuid = {3B97955B-B7EE-48A4-8392-7972F79DA979}
	EndGlobalSection
EndGlobal
